
Microsoft Visual Studio Solution File, Format Version 12.00
# Visual Studio 14
VisualStudioVersion = 14.0.23107.0
MinimumVisualStudioVersion = 10.0.40219.1
Project("{FAE04EC0-301F-11D3-BF4B-00C04F79EFBC}") = "My-Task-Checklist", "My-Task-Checklist\My-Task-Checklist.csproj", "{C469C026-982E-4AA2-81FB-63FA0836170C}"
EndProject
Project("{FAE04EC0-301F-11D3-BF4B-00C04F79EFBC}") = "ClaimsAuth", "ClaimsAuth\ClaimsAuth.csproj", "{2F63BAE9-2A4A-4027-9937-C1A63731B17D}"
EndProject
Global
	GlobalSection(SolutionConfigurationPlatforms) = preSolution
		Debug|Any CPU = Debug|Any CPU
		Release|Any CPU = Release|Any CPU
	EndGlobalSection
	GlobalSection(ProjectConfigurationPlatforms) = postSolution
		{C469C026-982E-4AA2-81FB-63FA0836170C}.Debug|Any CPU.ActiveCfg = Debug|Any CPU
		{C469C026-982E-4AA2-81FB-63FA0836170C}.Debug|Any CPU.Build.0 = Debug|Any CPU
		{C469C026-982E-4AA2-81FB-63FA0836170C}.Release|Any CPU.ActiveCfg = Release|Any CPU
		{C469C026-982E-4AA2-81FB-63FA0836170C}.Release|Any CPU.Build.0 = Release|Any CPU
		{2F63BAE9-2A4A-4027-9937-C1A63731B17D}.Debug|Any CPU.ActiveCfg = Debug|Any CPU
		{2F63BAE9-2A4A-4027-9937-C1A63731B17D}.Debug|Any CPU.Build.0 = Debug|Any CPU
		{2F63BAE9-2A4A-4027-9937-C1A63731B17D}.Release|Any CPU.ActiveCfg = Release|Any CPU
		{2F63BAE9-2A4A-4027-9937-C1A63731B17D}.Release|Any CPU.Build.0 = Release|Any CPU
	EndGlobalSection
	GlobalSection(SolutionProperties) = preSolution
		HideSolutionNode = FALSE
	EndGlobalSection
EndGlobal
