
Microsoft Visual Studio Solution File, Format Version 12.00
# Visual Studio 14
VisualStudioVersion = 14.0.23107.0
MinimumVisualStudioVersion = 10.0.40219.1
Project("{159641D6-6404-4A2A-AE62-294DE0FE8301}") = "SSIS Package for Sync", "SSIS Package for Sync\SSIS Package for Sync.dtproj", "{AE020BF8-FB36-4365-B1A4-F2603B0D4D2E}"
EndProject
Global
	GlobalSection(SolutionConfigurationPlatforms) = preSolution
		Development|Default = Development|Default
	EndGlobalSection
	GlobalSection(ProjectConfigurationPlatforms) = postSolution
		{AE020BF8-FB36-4365-B1A4-F2603B0D4D2E}.Development|Default.ActiveCfg = Development
		{AE020BF8-FB36-4365-B1A4-F2603B0D4D2E}.Development|Default.Build.0 = Development
	EndGlobalSection
	GlobalSection(SolutionProperties) = preSolution
		HideSolutionNode = FALSE
	EndGlobalSection
EndGlobal
